
Microsoft Visual Studio Solution File, Format Version 12.00
# Visual Studio Version 17
VisualStudioVersion = 17.4.33213.308
MinimumVisualStudioVersion = 10.0.40219.1
Project("{9A19103F-16F7-4668-BE54-9A1E7A4F7556}") = "CharakAyurvedicHospital", "CharakAyurvedicHospital\CharakAyurvedicHospital.csproj", "{5DEA91A5-506E-4CC7-AAB9-69581D26A248}"
EndProject
Project("{FAE04EC0-301F-11D3-BF4B-00C04F79EFBC}") = "CharakAyurvedicTest", "CharakAyurvedicTest\CharakAyurvedicTest.csproj", "{09A1A0FA-66C1-4FBB-9CD2-D8EE7F20D7B7}"
EndProject
Global
	GlobalSection(SolutionConfigurationPlatforms) = preSolution
		Debug|Any CPU = Debug|Any CPU
		Release|Any CPU = Release|Any CPU
	EndGlobalSection
	GlobalSection(ProjectConfigurationPlatforms) = postSolution
		{5DEA91A5-506E-4CC7-AAB9-69581D26A248}.Debug|Any CPU.ActiveCfg = Debug|Any CPU
		{5DEA91A5-506E-4CC7-AAB9-69581D26A248}.Debug|Any CPU.Build.0 = Debug|Any CPU
		{5DEA91A5-506E-4CC7-AAB9-69581D26A248}.Release|Any CPU.ActiveCfg = Release|Any CPU
		{5DEA91A5-506E-4CC7-AAB9-69581D26A248}.Release|Any CPU.Build.0 = Release|Any CPU
		{09A1A0FA-66C1-4FBB-9CD2-D8EE7F20D7B7}.Debug|Any CPU.ActiveCfg = Debug|Any CPU
		{09A1A0FA-66C1-4FBB-9CD2-D8EE7F20D7B7}.Debug|Any CPU.Build.0 = Debug|Any CPU
		{09A1A0FA-66C1-4FBB-9CD2-D8EE7F20D7B7}.Release|Any CPU.ActiveCfg = Release|Any CPU
		{09A1A0FA-66C1-4FBB-9CD2-D8EE7F20D7B7}.Release|Any CPU.Build.0 = Release|Any CPU
	EndGlobalSection
	GlobalSection(SolutionProperties) = preSolution
		HideSolutionNode = FALSE
	EndGlobalSection
	GlobalSection(ExtensibilityGlobals) = postSolution
		SolutionGuid = {B7ECFD9F-6BFD-4155-BC6D-3EA031EF0715}
	EndGlobalSection
EndGlobal
